// !$*UTF8*$!
{
	archiveVersion = 1;
	classes = {
	};
	objectVersion = 51;
	objects = {

/* Begin PBXBuildFile section */
		5D0C780E2434DA1C000B786E /* Files in Resources */ = {isa = PBXBuildFile; fileRef = 5D0C780D2434DA1C000B786E /* Files */; };
		5D0C78102434F7C2000B786E /* HandShakeGraphStartViewController+Constraints.swift in Sources */ = {isa = PBXBuildFile; fileRef = 5D0C780F2434F7C2000B786E /* HandShakeGraphStartViewController+Constraints.swift */; };
		5D0C78122434F87F000B786E /* TestApiView.swift in Sources */ = {isa = PBXBuildFile; fileRef = 5D0C78112434F87F000B786E /* TestApiView.swift */; };
		5D0C78142434FD82000B786E /* APIResponseModel.swift in Sources */ = {isa = PBXBuildFile; fileRef = 5D0C78132434FD82000B786E /* APIResponseModel.swift */; };
		5D0C781624350366000B786E /* AlertsAssembly.swift in Sources */ = {isa = PBXBuildFile; fileRef = 5D0C781524350366000B786E /* AlertsAssembly.swift */; };
		5D3265942434CF5C00950F31 /* Default-568h@2x.png in Resources */ = {isa = PBXBuildFile; fileRef = 5D3265932434CF5C00950F31 /* Default-568h@2x.png */; };
		5D715C4424256C8A0012940F /* HandShakeGraphCollectionView.swift in Sources */ = {isa = PBXBuildFile; fileRef = 5D715C4324256C8A0012940F /* HandShakeGraphCollectionView.swift */; };
		5D715C4624256CD90012940F /* HandShakeGraphCell.swift in Sources */ = {isa = PBXBuildFile; fileRef = 5D715C4524256CD90012940F /* HandShakeGraphCell.swift */; };
		5D715C48242572530012940F /* HandShakeGraphItem.swift in Sources */ = {isa = PBXBuildFile; fileRef = 5D715C47242572530012940F /* HandShakeGraphItem.swift */; };
		5D715C4C242587DA0012940F /* LineView.swift in Sources */ = {isa = PBXBuildFile; fileRef = 5D715C4B242587DA0012940F /* LineView.swift */; };
		5D715C4E242614C40012940F /* HandShakeGraphStartViewController.swift in Sources */ = {isa = PBXBuildFile; fileRef = 5D715C4D242614C40012940F /* HandShakeGraphStartViewController.swift */; };
		5D715C5024261BAD0012940F /* GlobalConstants.swift in Sources */ = {isa = PBXBuildFile; fileRef = 5D715C4F24261BAD0012940F /* GlobalConstants.swift */; };
		5D715C5224261F450012940F /* HandShakeGraphStartBuilder.swift in Sources */ = {isa = PBXBuildFile; fileRef = 5D715C5124261F450012940F /* HandShakeGraphStartBuilder.swift */; };
		5D715C5424262B2B0012940F /* StartButton.swift in Sources */ = {isa = PBXBuildFile; fileRef = 5D715C5324262B2B0012940F /* StartButton.swift */; };
		5D715C56242635440012940F /* GlobalCoordinator.swift in Sources */ = {isa = PBXBuildFile; fileRef = 5D715C55242635440012940F /* GlobalCoordinator.swift */; };
		5D715C5A24263E7F0012940F /* ChainOfChainsCollectionView.swift in Sources */ = {isa = PBXBuildFile; fileRef = 5D715C5924263E7F0012940F /* ChainOfChainsCollectionView.swift */; };
		5D715C5C24263ED90012940F /* ChainOfChainsItem.swift in Sources */ = {isa = PBXBuildFile; fileRef = 5D715C5B24263ED90012940F /* ChainOfChainsItem.swift */; };
		5D715C5E24263EE80012940F /* ChainOfChainsCell.swift in Sources */ = {isa = PBXBuildFile; fileRef = 5D715C5D24263EE80012940F /* ChainOfChainsCell.swift */; };
		5D715C632426915D0012940F /* HandShakeUserModel.swift in Sources */ = {isa = PBXBuildFile; fileRef = 5D715C622426915D0012940F /* HandShakeUserModel.swift */; };
		5D715C67242693010012940F /* HandShakeResultItemBuilder.swift in Sources */ = {isa = PBXBuildFile; fileRef = 5D715C66242693010012940F /* HandShakeResultItemBuilder.swift */; };
		5D715C6B242697820012940F /* FakeMakerData.swift in Sources */ = {isa = PBXBuildFile; fileRef = 5D715C6A242697820012940F /* FakeMakerData.swift */; };
		5D7A50D423D2886700EFA557 /* BaseChain.swift in Sources */ = {isa = PBXBuildFile; fileRef = 5D7A50D323D2886700EFA557 /* BaseChain.swift */; };
		5D7A50D623D4E44100EFA557 /* ColorPallete.swift in Sources */ = {isa = PBXBuildFile; fileRef = 5D7A50D523D4E44100EFA557 /* ColorPallete.swift */; };
		5D7A50D823D4E7AB00EFA557 /* CircleLoadingView.swift in Sources */ = {isa = PBXBuildFile; fileRef = 5D7A50D723D4E7AB00EFA557 /* CircleLoadingView.swift */; };
		5DC27D4023CE440E000F398A /* AppDelegate.swift in Sources */ = {isa = PBXBuildFile; fileRef = 5DC27D3F23CE440E000F398A /* AppDelegate.swift */; };
		5DC27D4223CE440E000F398A /* HandShakeResultViewController.swift in Sources */ = {isa = PBXBuildFile; fileRef = 5DC27D4123CE440E000F398A /* HandShakeResultViewController.swift */; };
		5DC27D4823CE440E000F398A /* HackTravel.xcdatamodeld in Sources */ = {isa = PBXBuildFile; fileRef = 5DC27D4623CE440E000F398A /* HackTravel.xcdatamodeld */; };
		5DC27D4A23CE440F000F398A /* Assets.xcassets in Resources */ = {isa = PBXBuildFile; fileRef = 5DC27D4923CE440F000F398A /* Assets.xcassets */; };
		5DC27D5823CE4410000F398A /* VKHandShakesTests.swift in Sources */ = {isa = PBXBuildFile; fileRef = 5DC27D5723CE4410000F398A /* VKHandShakesTests.swift */; };
		5DC27D6623CE4B86000F398A /* Debugger.swift in Sources */ = {isa = PBXBuildFile; fileRef = 5DC27D6523CE4B86000F398A /* Debugger.swift */; };
		5DC27D6923CE5597000F398A /* README.md in Resources */ = {isa = PBXBuildFile; fileRef = 5DC27D6823CE5597000F398A /* README.md */; };
		B705308F23EBAFD4BCC89C4B /* Pods_VKHandShakes.framework in Frameworks */ = {isa = PBXBuildFile; fileRef = 884648190E68EF9BBD6EF238 /* Pods_VKHandShakes.framework */; };
/* End PBXBuildFile section */

/* Begin PBXContainerItemProxy section */
		5DC27D5423CE4410000F398A /* PBXContainerItemProxy */ = {
			isa = PBXContainerItemProxy;
			containerPortal = 5DC27D3423CE440E000F398A /* Project object */;
			proxyType = 1;
			remoteGlobalIDString = 5DC27D3B23CE440E000F398A;
			remoteInfo = HackTravel;
		};
/* End PBXContainerItemProxy section */

/* Begin PBXFileReference section */
		5D0C780D2434DA1C000B786E /* Files */ = {isa = PBXFileReference; fileEncoding = 4; lastKnownFileType = text; path = Files; sourceTree = SOURCE_ROOT; };
		5D0C780F2434F7C2000B786E /* HandShakeGraphStartViewController+Constraints.swift */ = {isa = PBXFileReference; lastKnownFileType = sourcecode.swift; path = "HandShakeGraphStartViewController+Constraints.swift"; sourceTree = "<group>"; };
		5D0C78112434F87F000B786E /* TestApiView.swift */ = {isa = PBXFileReference; lastKnownFileType = sourcecode.swift; path = TestApiView.swift; sourceTree = "<group>"; };
		5D0C78132434FD82000B786E /* APIResponseModel.swift */ = {isa = PBXFileReference; lastKnownFileType = sourcecode.swift; path = APIResponseModel.swift; sourceTree = "<group>"; };
		5D0C781524350366000B786E /* AlertsAssembly.swift */ = {isa = PBXFileReference; lastKnownFileType = sourcecode.swift; path = AlertsAssembly.swift; sourceTree = "<group>"; };
		5D3265932434CF5C00950F31 /* Default-568h@2x.png */ = {isa = PBXFileReference; lastKnownFileType = image.png; path = "Default-568h@2x.png"; sourceTree = "<group>"; };
		5D715C4324256C8A0012940F /* HandShakeGraphCollectionView.swift */ = {isa = PBXFileReference; lastKnownFileType = sourcecode.swift; path = HandShakeGraphCollectionView.swift; sourceTree = "<group>"; };
		5D715C4524256CD90012940F /* HandShakeGraphCell.swift */ = {isa = PBXFileReference; lastKnownFileType = sourcecode.swift; path = HandShakeGraphCell.swift; sourceTree = "<group>"; };
		5D715C47242572530012940F /* HandShakeGraphItem.swift */ = {isa = PBXFileReference; lastKnownFileType = sourcecode.swift; path = HandShakeGraphItem.swift; sourceTree = "<group>"; };
		5D715C4B242587DA0012940F /* LineView.swift */ = {isa = PBXFileReference; lastKnownFileType = sourcecode.swift; path = LineView.swift; sourceTree = "<group>"; };
		5D715C4D242614C40012940F /* HandShakeGraphStartViewController.swift */ = {isa = PBXFileReference; lastKnownFileType = sourcecode.swift; path = HandShakeGraphStartViewController.swift; sourceTree = "<group>"; };
		5D715C4F24261BAD0012940F /* GlobalConstants.swift */ = {isa = PBXFileReference; lastKnownFileType = sourcecode.swift; path = GlobalConstants.swift; sourceTree = "<group>"; };
		5D715C5124261F450012940F /* HandShakeGraphStartBuilder.swift */ = {isa = PBXFileReference; lastKnownFileType = sourcecode.swift; path = HandShakeGraphStartBuilder.swift; sourceTree = "<group>"; };
		5D715C5324262B2B0012940F /* StartButton.swift */ = {isa = PBXFileReference; lastKnownFileType = sourcecode.swift; path = StartButton.swift; sourceTree = "<group>"; };
		5D715C55242635440012940F /* GlobalCoordinator.swift */ = {isa = PBXFileReference; lastKnownFileType = sourcecode.swift; path = GlobalCoordinator.swift; sourceTree = "<group>"; };
		5D715C5924263E7F0012940F /* ChainOfChainsCollectionView.swift */ = {isa = PBXFileReference; lastKnownFileType = sourcecode.swift; path = ChainOfChainsCollectionView.swift; sourceTree = "<group>"; };
		5D715C5B24263ED90012940F /* ChainOfChainsItem.swift */ = {isa = PBXFileReference; lastKnownFileType = sourcecode.swift; path = ChainOfChainsItem.swift; sourceTree = "<group>"; };
		5D715C5D24263EE80012940F /* ChainOfChainsCell.swift */ = {isa = PBXFileReference; lastKnownFileType = sourcecode.swift; path = ChainOfChainsCell.swift; sourceTree = "<group>"; };
		5D715C622426915D0012940F /* HandShakeUserModel.swift */ = {isa = PBXFileReference; lastKnownFileType = sourcecode.swift; path = HandShakeUserModel.swift; sourceTree = "<group>"; };
		5D715C66242693010012940F /* HandShakeResultItemBuilder.swift */ = {isa = PBXFileReference; lastKnownFileType = sourcecode.swift; path = HandShakeResultItemBuilder.swift; sourceTree = "<group>"; };
		5D715C6A242697820012940F /* FakeMakerData.swift */ = {isa = PBXFileReference; lastKnownFileType = sourcecode.swift; path = FakeMakerData.swift; sourceTree = "<group>"; };
		5D7A50D323D2886700EFA557 /* BaseChain.swift */ = {isa = PBXFileReference; lastKnownFileType = sourcecode.swift; path = BaseChain.swift; sourceTree = "<group>"; };
		5D7A50D523D4E44100EFA557 /* ColorPallete.swift */ = {isa = PBXFileReference; lastKnownFileType = sourcecode.swift; path = ColorPallete.swift; sourceTree = "<group>"; };
		5D7A50D723D4E7AB00EFA557 /* CircleLoadingView.swift */ = {isa = PBXFileReference; lastKnownFileType = sourcecode.swift; path = CircleLoadingView.swift; sourceTree = "<group>"; };
		5DC27D3C23CE440E000F398A /* VKHandShakes.app */ = {isa = PBXFileReference; explicitFileType = wrapper.application; includeInIndex = 0; path = VKHandShakes.app; sourceTree = BUILT_PRODUCTS_DIR; };
		5DC27D3F23CE440E000F398A /* AppDelegate.swift */ = {isa = PBXFileReference; lastKnownFileType = sourcecode.swift; path = AppDelegate.swift; sourceTree = "<group>"; };
		5DC27D4123CE440E000F398A /* HandShakeResultViewController.swift */ = {isa = PBXFileReference; lastKnownFileType = sourcecode.swift; path = HandShakeResultViewController.swift; sourceTree = "<group>"; };
		5DC27D4723CE440E000F398A /* HackTravel.xcdatamodel */ = {isa = PBXFileReference; lastKnownFileType = wrapper.xcdatamodel; path = HackTravel.xcdatamodel; sourceTree = "<group>"; };
		5DC27D4923CE440F000F398A /* Assets.xcassets */ = {isa = PBXFileReference; lastKnownFileType = folder.assetcatalog; path = Assets.xcassets; sourceTree = "<group>"; };
		5DC27D4E23CE440F000F398A /* Info.plist */ = {isa = PBXFileReference; lastKnownFileType = text.plist.xml; path = Info.plist; sourceTree = "<group>"; };
		5DC27D5323CE4410000F398A /* VKHandShakesTests.xctest */ = {isa = PBXFileReference; explicitFileType = wrapper.cfbundle; includeInIndex = 0; path = VKHandShakesTests.xctest; sourceTree = BUILT_PRODUCTS_DIR; };
		5DC27D5723CE4410000F398A /* VKHandShakesTests.swift */ = {isa = PBXFileReference; lastKnownFileType = sourcecode.swift; path = VKHandShakesTests.swift; sourceTree = "<group>"; };
		5DC27D5923CE4410000F398A /* Info.plist */ = {isa = PBXFileReference; lastKnownFileType = text.plist.xml; path = Info.plist; sourceTree = "<group>"; };
		5DC27D6523CE4B86000F398A /* Debugger.swift */ = {isa = PBXFileReference; lastKnownFileType = sourcecode.swift; path = Debugger.swift; sourceTree = "<group>"; };
		5DC27D6823CE5597000F398A /* README.md */ = {isa = PBXFileReference; fileEncoding = 4; lastKnownFileType = net.daringfireball.markdown; name = README.md; path = ../README.md; sourceTree = "<group>"; };
		884648190E68EF9BBD6EF238 /* Pods_VKHandShakes.framework */ = {isa = PBXFileReference; explicitFileType = wrapper.framework; includeInIndex = 0; path = Pods_VKHandShakes.framework; sourceTree = BUILT_PRODUCTS_DIR; };
		A0BB3F3B4FCBF3BDBCADEF7A /* Pods-VKHandShakes.release.xcconfig */ = {isa = PBXFileReference; includeInIndex = 1; lastKnownFileType = text.xcconfig; name = "Pods-VKHandShakes.release.xcconfig"; path = "Target Support Files/Pods-VKHandShakes/Pods-VKHandShakes.release.xcconfig"; sourceTree = "<group>"; };
		BFDFA9CD1258D9BE802EB5C6 /* Pods-VKHandShakes.debug.xcconfig */ = {isa = PBXFileReference; includeInIndex = 1; lastKnownFileType = text.xcconfig; name = "Pods-VKHandShakes.debug.xcconfig"; path = "Target Support Files/Pods-VKHandShakes/Pods-VKHandShakes.debug.xcconfig"; sourceTree = "<group>"; };
/* End PBXFileReference section */

/* Begin PBXFrameworksBuildPhase section */
		5DC27D3923CE440E000F398A /* Frameworks */ = {
			isa = PBXFrameworksBuildPhase;
			buildActionMask = 2147483647;
			files = (
				B705308F23EBAFD4BCC89C4B /* Pods_VKHandShakes.framework in Frameworks */,
			);
			runOnlyForDeploymentPostprocessing = 0;
		};
		5DC27D5023CE4410000F398A /* Frameworks */ = {
			isa = PBXFrameworksBuildPhase;
			buildActionMask = 2147483647;
			files = (
			);
			runOnlyForDeploymentPostprocessing = 0;
		};
/* End PBXFrameworksBuildPhase section */

/* Begin PBXGroup section */
		14A4589E8B3A8D31C1337CCE /* Frameworks */ = {
			isa = PBXGroup;
			children = (
				884648190E68EF9BBD6EF238 /* Pods_VKHandShakes.framework */,
			);
			name = Frameworks;
			sourceTree = "<group>";
		};
		5D715C3A24251FB00012940F /* Semantic */ = {
			isa = PBXGroup;
			children = (
				5D7A50D523D4E44100EFA557 /* ColorPallete.swift */,
				5D715C4F24261BAD0012940F /* GlobalConstants.swift */,
			);
			name = Semantic;
			sourceTree = "<group>";
		};
		5D715C3B24251FD00012940F /* Network */ = {
			isa = PBXGroup;
			children = (
				5D7A50D323D2886700EFA557 /* BaseChain.swift */,
			);
			name = Network;
			sourceTree = "<group>";
		};
		5D715C3C24251FE00012940F /* Support */ = {
			isa = PBXGroup;
			children = (
				5DC27D6523CE4B86000F398A /* Debugger.swift */,
			);
			name = Support;
			sourceTree = "<group>";
		};
		5D715C3E242520210012940F /* PresentationLayer */ = {
			isa = PBXGroup;
			children = (
				5D0C781524350366000B786E /* AlertsAssembly.swift */,
				5D715C55242635440012940F /* GlobalCoordinator.swift */,
				5D715C602426910E0012940F /* Models */,
				5D715C612426912A0012940F /* ViewControllers */,
				5D715C402425218F0012940F /* Views */,
			);
			name = PresentationLayer;
			sourceTree = "<group>";
		};
		5D715C3F2425204C0012940F /* ModuleLayer */ = {
			isa = PBXGroup;
			children = (
				5D715C3A24251FB00012940F /* Semantic */,
				5D715C3C24251FE00012940F /* Support */,
				5D715C3B24251FD00012940F /* Network */,
			);
			name = ModuleLayer;
			sourceTree = "<group>";
		};
		5D715C402425218F0012940F /* Views */ = {
			isa = PBXGroup;
			children = (
				5D7A50D723D4E7AB00EFA557 /* CircleLoadingView.swift */,
				5D715C4B242587DA0012940F /* LineView.swift */,
				5D715C5324262B2B0012940F /* StartButton.swift */,
				5D0C78112434F87F000B786E /* TestApiView.swift */,
			);
			name = Views;
			sourceTree = "<group>";
		};
		5D715C49242586F40012940F /* CollectionView */ = {
			isa = PBXGroup;
			children = (
				5D715C5824263E560012940F /* ChainOfChains */,
				5D715C5724263E410012940F /* SingleChain */,
			);
			name = CollectionView;
			sourceTree = "<group>";
		};
		5D715C4A2425870F0012940F /* Cells */ = {
			isa = PBXGroup;
			children = (
				5D715C4524256CD90012940F /* HandShakeGraphCell.swift */,
				5D715C47242572530012940F /* HandShakeGraphItem.swift */,
			);
			name = Cells;
			sourceTree = "<group>";
		};
		5D715C5724263E410012940F /* SingleChain */ = {
			isa = PBXGroup;
			children = (
				5D715C4324256C8A0012940F /* HandShakeGraphCollectionView.swift */,
				5D715C4A2425870F0012940F /* Cells */,
			);
			name = SingleChain;
			sourceTree = "<group>";
		};
		5D715C5824263E560012940F /* ChainOfChains */ = {
			isa = PBXGroup;
			children = (
				5D715C5924263E7F0012940F /* ChainOfChainsCollectionView.swift */,
				5D715C5F24268CE20012940F /* Cell */,
			);
			name = ChainOfChains;
			sourceTree = "<group>";
		};
		5D715C5F24268CE20012940F /* Cell */ = {
			isa = PBXGroup;
			children = (
				5D715C5B24263ED90012940F /* ChainOfChainsItem.swift */,
				5D715C5D24263EE80012940F /* ChainOfChainsCell.swift */,
			);
			name = Cell;
			sourceTree = "<group>";
		};
		5D715C602426910E0012940F /* Models */ = {
			isa = PBXGroup;
			children = (
				5D715C622426915D0012940F /* HandShakeUserModel.swift */,
				5D0C78132434FD82000B786E /* APIResponseModel.swift */,
			);
			name = Models;
			sourceTree = "<group>";
		};
		5D715C612426912A0012940F /* ViewControllers */ = {
			isa = PBXGroup;
			children = (
				5D715C65242692510012940F /* HandShakeGraphStartViewController */,
				5D715C642426922E0012940F /* HandShakeResultViewController */,
			);
			name = ViewControllers;
			sourceTree = "<group>";
		};
		5D715C642426922E0012940F /* HandShakeResultViewController */ = {
			isa = PBXGroup;
			children = (
				5DC27D4123CE440E000F398A /* HandShakeResultViewController.swift */,
				5D715C66242693010012940F /* HandShakeResultItemBuilder.swift */,
				5D715C49242586F40012940F /* CollectionView */,
			);
			name = HandShakeResultViewController;
			sourceTree = "<group>";
		};
		5D715C65242692510012940F /* HandShakeGraphStartViewController */ = {
			isa = PBXGroup;
			children = (
				5D715C4D242614C40012940F /* HandShakeGraphStartViewController.swift */,
				5D0C780F2434F7C2000B786E /* HandShakeGraphStartViewController+Constraints.swift */,
				5D715C5124261F450012940F /* HandShakeGraphStartBuilder.swift */,
			);
			name = HandShakeGraphStartViewController;
			sourceTree = "<group>";
		};
		5DC27D3323CE440E000F398A = {
			isa = PBXGroup;
			children = (
				5D3265932434CF5C00950F31 /* Default-568h@2x.png */,
				5DC27D6823CE5597000F398A /* README.md */,
				5DC27D3E23CE440E000F398A /* VKHandShakes */,
				5DC27D5623CE4410000F398A /* VKHandShakesTests */,
				5DC27D3D23CE440E000F398A /* Products */,
				A2EA474A8C189C3E043E8185 /* Pods */,
				14A4589E8B3A8D31C1337CCE /* Frameworks */,
			);
			sourceTree = "<group>";
		};
		5DC27D3D23CE440E000F398A /* Products */ = {
			isa = PBXGroup;
			children = (
				5DC27D3C23CE440E000F398A /* VKHandShakes.app */,
				5DC27D5323CE4410000F398A /* VKHandShakesTests.xctest */,
			);
			name = Products;
			sourceTree = "<group>";
		};
		5DC27D3E23CE440E000F398A /* VKHandShakes */ = {
			isa = PBXGroup;
			children = (
				5DC27D4E23CE440F000F398A /* Info.plist */,
				5DC27D3F23CE440E000F398A /* AppDelegate.swift */,
				5D715C6A242697820012940F /* FakeMakerData.swift */,
				5D715C3F2425204C0012940F /* ModuleLayer */,
				5D715C3E242520210012940F /* PresentationLayer */,
				5D0C780D2434DA1C000B786E /* Files */,
				5DC27D4923CE440F000F398A /* Assets.xcassets */,
				5DC27D4623CE440E000F398A /* HackTravel.xcdatamodeld */,
			);
			path = VKHandShakes;
			sourceTree = "<group>";
		};
		5DC27D5623CE4410000F398A /* VKHandShakesTests */ = {
			isa = PBXGroup;
			children = (
				5DC27D5723CE4410000F398A /* VKHandShakesTests.swift */,
				5DC27D5923CE4410000F398A /* Info.plist */,
			);
			path = VKHandShakesTests;
			sourceTree = "<group>";
		};
		A2EA474A8C189C3E043E8185 /* Pods */ = {
			isa = PBXGroup;
			children = (
				BFDFA9CD1258D9BE802EB5C6 /* Pods-VKHandShakes.debug.xcconfig */,
				A0BB3F3B4FCBF3BDBCADEF7A /* Pods-VKHandShakes.release.xcconfig */,
			);
			path = Pods;
			sourceTree = "<group>";
		};
/* End PBXGroup section */

/* Begin PBXNativeTarget section */
		5DC27D3B23CE440E000F398A /* VKHandShakes */ = {
			isa = PBXNativeTarget;
			buildConfigurationList = 5DC27D5C23CE4410000F398A /* Build configuration list for PBXNativeTarget "VKHandShakes" */;
			buildPhases = (
				777D16BFF9E473B36D851A63 /* [CP] Check Pods Manifest.lock */,
				5DC27D3823CE440E000F398A /* Sources */,
				5DC27D3923CE440E000F398A /* Frameworks */,
				5DC27D3A23CE440E000F398A /* Resources */,
				5DC27D6723CE4E3E000F398A /* Swift Lint */,
				3D72B7530A3A8225E32C8FF6 /* [CP] Embed Pods Frameworks */,
			);
			buildRules = (
			);
			dependencies = (
			);
			name = VKHandShakes;
			productName = HackTravel;
			productReference = 5DC27D3C23CE440E000F398A /* VKHandShakes.app */;
			productType = "com.apple.product-type.application";
		};
		5DC27D5223CE4410000F398A /* VKHandShakesTests */ = {
			isa = PBXNativeTarget;
			buildConfigurationList = 5DC27D5F23CE4410000F398A /* Build configuration list for PBXNativeTarget "VKHandShakesTests" */;
			buildPhases = (
				5DC27D4F23CE4410000F398A /* Sources */,
				5DC27D5023CE4410000F398A /* Frameworks */,
				5DC27D5123CE4410000F398A /* Resources */,
			);
			buildRules = (
			);
			dependencies = (
				5DC27D5523CE4410000F398A /* PBXTargetDependency */,
			);
			name = VKHandShakesTests;
			productName = HackTravelTests;
			productReference = 5DC27D5323CE4410000F398A /* VKHandShakesTests.xctest */;
			productType = "com.apple.product-type.bundle.unit-test";
		};
/* End PBXNativeTarget section */

/* Begin PBXProject section */
		5DC27D3423CE440E000F398A /* Project object */ = {
			isa = PBXProject;
			attributes = {
				LastSwiftUpdateCheck = 1030;
				LastUpgradeCheck = 1030;
				ORGANIZATIONNAME = "Pavlov Max";
				TargetAttributes = {
					5DC27D3B23CE440E000F398A = {
						CreatedOnToolsVersion = 10.3;
					};
					5DC27D5223CE4410000F398A = {
						CreatedOnToolsVersion = 10.3;
						TestTargetID = 5DC27D3B23CE440E000F398A;
					};
				};
			};
			buildConfigurationList = 5DC27D3723CE440E000F398A /* Build configuration list for PBXProject "VKHandShakes" */;
			compatibilityVersion = "Xcode 9.3";
			developmentRegion = en;
			hasScannedForEncodings = 0;
			knownRegions = (
				en,
				Base,
			);
			mainGroup = 5DC27D3323CE440E000F398A;
			productRefGroup = 5DC27D3D23CE440E000F398A /* Products */;
			projectDirPath = "";
			projectRoot = "";
			targets = (
				5DC27D3B23CE440E000F398A /* VKHandShakes */,
				5DC27D5223CE4410000F398A /* VKHandShakesTests */,
			);
		};
/* End PBXProject section */

/* Begin PBXResourcesBuildPhase section */
		5DC27D3A23CE440E000F398A /* Resources */ = {
			isa = PBXResourcesBuildPhase;
			buildActionMask = 2147483647;
			files = (
				5D0C780E2434DA1C000B786E /* Files in Resources */,
				5DC27D4A23CE440F000F398A /* Assets.xcassets in Resources */,
				5DC27D6923CE5597000F398A /* README.md in Resources */,
				5D3265942434CF5C00950F31 /* Default-568h@2x.png in Resources */,
			);
			runOnlyForDeploymentPostprocessing = 0;
		};
		5DC27D5123CE4410000F398A /* Resources */ = {
			isa = PBXResourcesBuildPhase;
			buildActionMask = 2147483647;
			files = (
			);
			runOnlyForDeploymentPostprocessing = 0;
		};
/* End PBXResourcesBuildPhase section */

/* Begin PBXShellScriptBuildPhase section */
		3D72B7530A3A8225E32C8FF6 /* [CP] Embed Pods Frameworks */ = {
			isa = PBXShellScriptBuildPhase;
			buildActionMask = 2147483647;
			files = (
			);
			inputFileListPaths = (
				"${PODS_ROOT}/Target Support Files/Pods-VKHandShakes/Pods-VKHandShakes-frameworks-${CONFIGURATION}-input-files.xcfilelist",
			);
			name = "[CP] Embed Pods Frameworks";
			outputFileListPaths = (
				"${PODS_ROOT}/Target Support Files/Pods-VKHandShakes/Pods-VKHandShakes-frameworks-${CONFIGURATION}-output-files.xcfilelist",
			);
			runOnlyForDeploymentPostprocessing = 0;
			shellPath = /bin/sh;
			shellScript = "\"${PODS_ROOT}/Target Support Files/Pods-VKHandShakes/Pods-VKHandShakes-frameworks.sh\"\n";
			showEnvVarsInLog = 0;
		};
		5DC27D6723CE4E3E000F398A /* Swift Lint */ = {
			isa = PBXShellScriptBuildPhase;
			buildActionMask = 2147483647;
			files = (
			);
			inputFileListPaths = (
			);
			inputPaths = (
			);
			name = "Swift Lint";
			outputFileListPaths = (
			);
			outputPaths = (
			);
			runOnlyForDeploymentPostprocessing = 0;
			shellPath = /bin/sh;
			shellScript = "Frameworks/SwiftLint.framework/swiftlint --config .swiftlint.yml\n\n";
		};
		777D16BFF9E473B36D851A63 /* [CP] Check Pods Manifest.lock */ = {
			isa = PBXShellScriptBuildPhase;
			buildActionMask = 2147483647;
			files = (
			);
			inputFileListPaths = (
			);
			inputPaths = (
				"${PODS_PODFILE_DIR_PATH}/Podfile.lock",
				"${PODS_ROOT}/Manifest.lock",
			);
			name = "[CP] Check Pods Manifest.lock";
			outputFileListPaths = (
			);
			outputPaths = (
				"$(DERIVED_FILE_DIR)/Pods-VKHandShakes-checkManifestLockResult.txt",
			);
			runOnlyForDeploymentPostprocessing = 0;
			shellPath = /bin/sh;
			shellScript = "diff \"${PODS_PODFILE_DIR_PATH}/Podfile.lock\" \"${PODS_ROOT}/Manifest.lock\" > /dev/null\nif [ $? != 0 ] ; then\n    # print error to STDERR\n    echo \"error: The sandbox is not in sync with the Podfile.lock. Run 'pod install' or update your CocoaPods installation.\" >&2\n    exit 1\nfi\n# This output is used by Xcode 'outputs' to avoid re-running this script phase.\necho \"SUCCESS\" > \"${SCRIPT_OUTPUT_FILE_0}\"\n";
			showEnvVarsInLog = 0;
		};
/* End PBXShellScriptBuildPhase section */

/* Begin PBXSourcesBuildPhase section */
		5DC27D3823CE440E000F398A /* Sources */ = {
			isa = PBXSourcesBuildPhase;
			buildActionMask = 2147483647;
			files = (
				5D7A50D423D2886700EFA557 /* BaseChain.swift in Sources */,
				5D0C78122434F87F000B786E /* TestApiView.swift in Sources */,
				5D715C5E24263EE80012940F /* ChainOfChainsCell.swift in Sources */,
				5D715C4624256CD90012940F /* HandShakeGraphCell.swift in Sources */,
				5D715C4424256C8A0012940F /* HandShakeGraphCollectionView.swift in Sources */,
				5D7A50D623D4E44100EFA557 /* ColorPallete.swift in Sources */,
				5D715C632426915D0012940F /* HandShakeUserModel.swift in Sources */,
				5D715C4E242614C40012940F /* HandShakeGraphStartViewController.swift in Sources */,
				5D715C5024261BAD0012940F /* GlobalConstants.swift in Sources */,
				5D7A50D823D4E7AB00EFA557 /* CircleLoadingView.swift in Sources */,
				5D715C56242635440012940F /* GlobalCoordinator.swift in Sources */,
				5D715C4C242587DA0012940F /* LineView.swift in Sources */,
				5D0C781624350366000B786E /* AlertsAssembly.swift in Sources */,
				5D715C5C24263ED90012940F /* ChainOfChainsItem.swift in Sources */,
				5DC27D4823CE440E000F398A /* HackTravel.xcdatamodeld in Sources */,
				5DC27D4223CE440E000F398A /* HandShakeResultViewController.swift in Sources */,
				5D715C5A24263E7F0012940F /* ChainOfChainsCollectionView.swift in Sources */,
				5DC27D6623CE4B86000F398A /* Debugger.swift in Sources */,
				5DC27D4023CE440E000F398A /* AppDelegate.swift in Sources */,
				5D0C78142434FD82000B786E /* APIResponseModel.swift in Sources */,
				5D715C5424262B2B0012940F /* StartButton.swift in Sources */,
				5D715C67242693010012940F /* HandShakeResultItemBuilder.swift in Sources */,
				5D715C5224261F450012940F /* HandShakeGraphStartBuilder.swift in Sources */,
				5D0C78102434F7C2000B786E /* HandShakeGraphStartViewController+Constraints.swift in Sources */,
				5D715C48242572530012940F /* HandShakeGraphItem.swift in Sources */,
				5D715C6B242697820012940F /* FakeMakerData.swift in Sources */,
			);
			runOnlyForDeploymentPostprocessing = 0;
		};
		5DC27D4F23CE4410000F398A /* Sources */ = {
			isa = PBXSourcesBuildPhase;
			buildActionMask = 2147483647;
			files = (
				5DC27D5823CE4410000F398A /* VKHandShakesTests.swift in Sources */,
			);
			runOnlyForDeploymentPostprocessing = 0;
		};
/* End PBXSourcesBuildPhase section */

/* Begin PBXTargetDependency section */
		5DC27D5523CE4410000F398A /* PBXTargetDependency */ = {
			isa = PBXTargetDependency;
			target = 5DC27D3B23CE440E000F398A /* VKHandShakes */;
			targetProxy = 5DC27D5423CE4410000F398A /* PBXContainerItemProxy */;
		};
/* End PBXTargetDependency section */

/* Begin XCBuildConfiguration section */
		5DC27D5A23CE4410000F398A /* Debug */ = {
			isa = XCBuildConfiguration;
			buildSettings = {
				ALWAYS_SEARCH_USER_PATHS = NO;
				CLANG_ANALYZER_NONNULL = YES;
				CLANG_ANALYZER_NUMBER_OBJECT_CONVERSION = YES_AGGRESSIVE;
				CLANG_CXX_LANGUAGE_STANDARD = "gnu++14";
				CLANG_CXX_LIBRARY = "libc++";
				CLANG_ENABLE_MODULES = YES;
				CLANG_ENABLE_OBJC_ARC = YES;
				CLANG_ENABLE_OBJC_WEAK = YES;
				CLANG_WARN_BLOCK_CAPTURE_AUTORELEASING = YES;
				CLANG_WARN_BOOL_CONVERSION = YES;
				CLANG_WARN_COMMA = YES;
				CLANG_WARN_CONSTANT_CONVERSION = YES;
				CLANG_WARN_DEPRECATED_OBJC_IMPLEMENTATIONS = YES;
				CLANG_WARN_DIRECT_OBJC_ISA_USAGE = YES_ERROR;
				CLANG_WARN_DOCUMENTATION_COMMENTS = YES;
				CLANG_WARN_EMPTY_BODY = YES;
				CLANG_WARN_ENUM_CONVERSION = YES;
				CLANG_WARN_INFINITE_RECURSION = YES;
				CLANG_WARN_INT_CONVERSION = YES;
				CLANG_WARN_NON_LITERAL_NULL_CONVERSION = YES;
				CLANG_WARN_OBJC_IMPLICIT_RETAIN_SELF = YES;
				CLANG_WARN_OBJC_LITERAL_CONVERSION = YES;
				CLANG_WARN_OBJC_ROOT_CLASS = YES_ERROR;
				CLANG_WARN_RANGE_LOOP_ANALYSIS = YES;
				CLANG_WARN_STRICT_PROTOTYPES = YES;
				CLANG_WARN_SUSPICIOUS_MOVE = YES;
				CLANG_WARN_UNGUARDED_AVAILABILITY = YES_AGGRESSIVE;
				CLANG_WARN_UNREACHABLE_CODE = YES;
				CLANG_WARN__DUPLICATE_METHOD_MATCH = YES;
				CODE_SIGN_IDENTITY = "iPhone Developer";
				COPY_PHASE_STRIP = NO;
				DEBUG_INFORMATION_FORMAT = dwarf;
				ENABLE_STRICT_OBJC_MSGSEND = YES;
				ENABLE_TESTABILITY = YES;
				GCC_C_LANGUAGE_STANDARD = gnu11;
				GCC_DYNAMIC_NO_PIC = NO;
				GCC_NO_COMMON_BLOCKS = YES;
				GCC_OPTIMIZATION_LEVEL = 0;
				GCC_PREPROCESSOR_DEFINITIONS = (
					"DEBUG=1",
					"$(inherited)",
				);
				GCC_WARN_64_TO_32_BIT_CONVERSION = YES;
				GCC_WARN_ABOUT_RETURN_TYPE = YES_ERROR;
				GCC_WARN_UNDECLARED_SELECTOR = YES;
				GCC_WARN_UNINITIALIZED_AUTOS = YES_AGGRESSIVE;
				GCC_WARN_UNUSED_FUNCTION = YES;
				GCC_WARN_UNUSED_VARIABLE = YES;
				IPHONEOS_DEPLOYMENT_TARGET = 12.4;
				MTL_ENABLE_DEBUG_INFO = INCLUDE_SOURCE;
				MTL_FAST_MATH = YES;
				ONLY_ACTIVE_ARCH = YES;
				SDKROOT = iphoneos;
				SWIFT_ACTIVE_COMPILATION_CONDITIONS = DEBUG;
				SWIFT_OPTIMIZATION_LEVEL = "-Onone";
			};
			name = Debug;
		};
		5DC27D5B23CE4410000F398A /* Release */ = {
			isa = XCBuildConfiguration;
			buildSettings = {
				ALWAYS_SEARCH_USER_PATHS = NO;
				CLANG_ANALYZER_NONNULL = YES;
				CLANG_ANALYZER_NUMBER_OBJECT_CONVERSION = YES_AGGRESSIVE;
				CLANG_CXX_LANGUAGE_STANDARD = "gnu++14";
				CLANG_CXX_LIBRARY = "libc++";
				CLANG_ENABLE_MODULES = YES;
				CLANG_ENABLE_OBJC_ARC = YES;
				CLANG_ENABLE_OBJC_WEAK = YES;
				CLANG_WARN_BLOCK_CAPTURE_AUTORELEASING = YES;
				CLANG_WARN_BOOL_CONVERSION = YES;
				CLANG_WARN_COMMA = YES;
				CLANG_WARN_CONSTANT_CONVERSION = YES;
				CLANG_WARN_DEPRECATED_OBJC_IMPLEMENTATIONS = YES;
				CLANG_WARN_DIRECT_OBJC_ISA_USAGE = YES_ERROR;
				CLANG_WARN_DOCUMENTATION_COMMENTS = YES;
				CLANG_WARN_EMPTY_BODY = YES;
				CLANG_WARN_ENUM_CONVERSION = YES;
				CLANG_WARN_INFINITE_RECURSION = YES;
				CLANG_WARN_INT_CONVERSION = YES;
				CLANG_WARN_NON_LITERAL_NULL_CONVERSION = YES;
				CLANG_WARN_OBJC_IMPLICIT_RETAIN_SELF = YES;
				CLANG_WARN_OBJC_LITERAL_CONVERSION = YES;
				CLANG_WARN_OBJC_ROOT_CLASS = YES_ERROR;
				CLANG_WARN_RANGE_LOOP_ANALYSIS = YES;
				CLANG_WARN_STRICT_PROTOTYPES = YES;
				CLANG_WARN_SUSPICIOUS_MOVE = YES;
				CLANG_WARN_UNGUARDED_AVAILABILITY = YES_AGGRESSIVE;
				CLANG_WARN_UNREACHABLE_CODE = YES;
				CLANG_WARN__DUPLICATE_METHOD_MATCH = YES;
				CODE_SIGN_IDENTITY = "iPhone Developer";
				COPY_PHASE_STRIP = NO;
				DEBUG_INFORMATION_FORMAT = "dwarf-with-dsym";
				ENABLE_NS_ASSERTIONS = NO;
				ENABLE_STRICT_OBJC_MSGSEND = YES;
				GCC_C_LANGUAGE_STANDARD = gnu11;
				GCC_NO_COMMON_BLOCKS = YES;
				GCC_WARN_64_TO_32_BIT_CONVERSION = YES;
				GCC_WARN_ABOUT_RETURN_TYPE = YES_ERROR;
				GCC_WARN_UNDECLARED_SELECTOR = YES;
				GCC_WARN_UNINITIALIZED_AUTOS = YES_AGGRESSIVE;
				GCC_WARN_UNUSED_FUNCTION = YES;
				GCC_WARN_UNUSED_VARIABLE = YES;
				IPHONEOS_DEPLOYMENT_TARGET = 12.4;
				MTL_ENABLE_DEBUG_INFO = NO;
				MTL_FAST_MATH = YES;
				SDKROOT = iphoneos;
				SWIFT_COMPILATION_MODE = wholemodule;
				SWIFT_OPTIMIZATION_LEVEL = "-O";
				VALIDATE_PRODUCT = YES;
			};
			name = Release;
		};
		5DC27D5D23CE4410000F398A /* Debug */ = {
			isa = XCBuildConfiguration;
			baseConfigurationReference = BFDFA9CD1258D9BE802EB5C6 /* Pods-VKHandShakes.debug.xcconfig */;
			buildSettings = {
				ASSETCATALOG_COMPILER_APPICON_NAME = AppIcon;
				CODE_SIGN_STYLE = Automatic;
				DEVELOPMENT_TEAM = D5PFXU6236;
				INFOPLIST_FILE = "$(SRCROOT)/VKHandShakes/Info.plist";
				LD_RUNPATH_SEARCH_PATHS = (
					"$(inherited)",
					"@executable_path/Frameworks",
				);
				PRODUCT_BUNDLE_IDENTIFIER = HackTeam.VKHandShakes;
				PRODUCT_NAME = VKHandShakes;
				SWIFT_VERSION = 5.0;
				TARGETED_DEVICE_FAMILY = "1,2";
			};
			name = Debug;
		};
		5DC27D5E23CE4410000F398A /* Release */ = {
			isa = XCBuildConfiguration;
			baseConfigurationReference = A0BB3F3B4FCBF3BDBCADEF7A /* Pods-VKHandShakes.release.xcconfig */;
			buildSettings = {
				ASSETCATALOG_COMPILER_APPICON_NAME = AppIcon;
				CODE_SIGN_STYLE = Automatic;
				DEVELOPMENT_TEAM = D5PFXU6236;
				INFOPLIST_FILE = "$(SRCROOT)/VKHandShakes/Info.plist";
				LD_RUNPATH_SEARCH_PATHS = (
					"$(inherited)",
					"@executable_path/Frameworks",
				);
				PRODUCT_BUNDLE_IDENTIFIER = HackTeam.VKHandShakes;
				PRODUCT_NAME = VKHandShakes;
				SWIFT_VERSION = 5.0;
				TARGETED_DEVICE_FAMILY = "1,2";
			};
			name = Release;
		};
		5DC27D6023CE4410000F398A /* Debug */ = {
			isa = XCBuildConfiguration;
			buildSettings = {
				ALWAYS_EMBED_SWIFT_STANDARD_LIBRARIES = YES;
				BUNDLE_LOADER = "$(TEST_HOST)";
				CODE_SIGN_STYLE = Automatic;
				DEVELOPMENT_TEAM = D5PFXU6236;
				INFOPLIST_FILE = VKHandShakesTests/Info.plist;
				LD_RUNPATH_SEARCH_PATHS = (
					"$(inherited)",
					"@executable_path/Frameworks",
					"@loader_path/Frameworks",
				);
				PRODUCT_BUNDLE_IDENTIFIER = HackTeam.VKHandShakesTests;
				PRODUCT_NAME = "$(TARGET_NAME)";
				SWIFT_VERSION = 5.0;
				TARGETED_DEVICE_FAMILY = "1,2";
				TEST_HOST = "$(BUILT_PRODUCTS_DIR)/VKHandShakes.app/VKHandShakes";
			};
			name = Debug;
		};
		5DC27D6123CE4410000F398A /* Release */ = {
			isa = XCBuildConfiguration;
			buildSettings = {
				ALWAYS_EMBED_SWIFT_STANDARD_LIBRARIES = YES;
				BUNDLE_LOADER = "$(TEST_HOST)";
				CODE_SIGN_STYLE = Automatic;
				DEVELOPMENT_TEAM = D5PFXU6236;
				INFOPLIST_FILE = VKHandShakesTests/Info.plist;
				LD_RUNPATH_SEARCH_PATHS = (
					"$(inherited)",
					"@executable_path/Frameworks",
					"@loader_path/Frameworks",
				);
				PRODUCT_BUNDLE_IDENTIFIER = HackTeam.VKHandShakesTests;
				PRODUCT_NAME = "$(TARGET_NAME)";
				SWIFT_VERSION = 5.0;
				TARGETED_DEVICE_FAMILY = "1,2";
				TEST_HOST = "$(BUILT_PRODUCTS_DIR)/VKHandShakes.app/VKHandShakes";
			};
			name = Release;
		};
/* End XCBuildConfiguration section */

/* Begin XCConfigurationList section */
		5DC27D3723CE440E000F398A /* Build configuration list for PBXProject "VKHandShakes" */ = {
			isa = XCConfigurationList;
			buildConfigurations = (
				5DC27D5A23CE4410000F398A /* Debug */,
				5DC27D5B23CE4410000F398A /* Release */,
			);
			defaultConfigurationIsVisible = 0;
			defaultConfigurationName = Release;
		};
		5DC27D5C23CE4410000F398A /* Build configuration list for PBXNativeTarget "VKHandShakes" */ = {
			isa = XCConfigurationList;
			buildConfigurations = (
				5DC27D5D23CE4410000F398A /* Debug */,
				5DC27D5E23CE4410000F398A /* Release */,
			);
			defaultConfigurationIsVisible = 0;
			defaultConfigurationName = Release;
		};
		5DC27D5F23CE4410000F398A /* Build configuration list for PBXNativeTarget "VKHandShakesTests" */ = {
			isa = XCConfigurationList;
			buildConfigurations = (
				5DC27D6023CE4410000F398A /* Debug */,
				5DC27D6123CE4410000F398A /* Release */,
			);
			defaultConfigurationIsVisible = 0;
			defaultConfigurationName = Release;
		};
/* End XCConfigurationList section */

/* Begin XCVersionGroup section */
		5DC27D4623CE440E000F398A /* HackTravel.xcdatamodeld */ = {
			isa = XCVersionGroup;
			children = (
				5DC27D4723CE440E000F398A /* HackTravel.xcdatamodel */,
			);
			currentVersion = 5DC27D4723CE440E000F398A /* HackTravel.xcdatamodel */;
			path = HackTravel.xcdatamodeld;
			sourceTree = "<group>";
			versionGroupType = wrapper.xcdatamodel;
		};
/* End XCVersionGroup section */
	};
	rootObject = 5DC27D3423CE440E000F398A /* Project object */;
}
